
Microsoft Visual Studio Solution File, Format Version 12.00
# Visual Studio Version 16
VisualStudioVersion = 16.0.31702.278
MinimumVisualStudioVersion = 10.0.40219.1
Project("{FAE04EC0-301F-11D3-BF4B-00C04F79EFBC}") = "ubbcars.Android", "ubbcars\ubbcars.Android\ubbcars.Android.csproj", "{F5FACF38-3925-4549-83C3-A47C0380545C}"
EndProject
Project("{FAE04EC0-301F-11D3-BF4B-00C04F79EFBC}") = "ubbcars.iOS", "ubbcars\ubbcars.iOS\ubbcars.iOS.csproj", "{927C7E16-9342-402A-AC5C-1D624A4BAD8A}"
EndProject
Project("{FAE04EC0-301F-11D3-BF4B-00C04F79EFBC}") = "ubbcars", "ubbcars\ubbcars\ubbcars.csproj", "{B9DCA4E7-D43E-4F65-AEC7-5B56F13993CF}"
EndProject
Global
	GlobalSection(SolutionConfigurationPlatforms) = preSolution
		Debug|Any CPU = Debug|Any CPU
		Debug|iPhone = Debug|iPhone
		Debug|iPhoneSimulator = Debug|iPhoneSimulator
		Release|Any CPU = Release|Any CPU
		Release|iPhone = Release|iPhone
		Release|iPhoneSimulator = Release|iPhoneSimulator
	EndGlobalSection
	GlobalSection(ProjectConfigurationPlatforms) = postSolution
		{F5FACF38-3925-4549-83C3-A47C0380545C}.Debug|Any CPU.ActiveCfg = Debug|Any CPU
		{F5FACF38-3925-4549-83C3-A47C0380545C}.Debug|Any CPU.Build.0 = Debug|Any CPU
		{F5FACF38-3925-4549-83C3-A47C0380545C}.Debug|Any CPU.Deploy.0 = Debug|Any CPU
		{F5FACF38-3925-4549-83C3-A47C0380545C}.Debug|iPhone.ActiveCfg = Debug|Any CPU
		{F5FACF38-3925-4549-83C3-A47C0380545C}.Debug|iPhone.Build.0 = Debug|Any CPU
		{F5FACF38-3925-4549-83C3-A47C0380545C}.Debug|iPhone.Deploy.0 = Debug|Any CPU
		{F5FACF38-3925-4549-83C3-A47C0380545C}.Debug|iPhoneSimulator.ActiveCfg = Debug|Any CPU
		{F5FACF38-3925-4549-83C3-A47C0380545C}.Debug|iPhoneSimulator.Build.0 = Debug|Any CPU
		{F5FACF38-3925-4549-83C3-A47C0380545C}.Debug|iPhoneSimulator.Deploy.0 = Debug|Any CPU
		{F5FACF38-3925-4549-83C3-A47C0380545C}.Release|Any CPU.ActiveCfg = Release|Any CPU
		{F5FACF38-3925-4549-83C3-A47C0380545C}.Release|Any CPU.Build.0 = Release|Any CPU
		{F5FACF38-3925-4549-83C3-A47C0380545C}.Release|Any CPU.Deploy.0 = Release|Any CPU
		{F5FACF38-3925-4549-83C3-A47C0380545C}.Release|iPhone.ActiveCfg = Release|Any CPU
		{F5FACF38-3925-4549-83C3-A47C0380545C}.Release|iPhone.Build.0 = Release|Any CPU
		{F5FACF38-3925-4549-83C3-A47C0380545C}.Release|iPhone.Deploy.0 = Release|Any CPU
		{F5FACF38-3925-4549-83C3-A47C0380545C}.Release|iPhoneSimulator.ActiveCfg = Release|Any CPU
		{F5FACF38-3925-4549-83C3-A47C0380545C}.Release|iPhoneSimulator.Build.0 = Release|Any CPU
		{F5FACF38-3925-4549-83C3-A47C0380545C}.Release|iPhoneSimulator.Deploy.0 = Release|Any CPU
		{927C7E16-9342-402A-AC5C-1D624A4BAD8A}.Debug|Any CPU.ActiveCfg = Debug|iPhone
		{927C7E16-9342-402A-AC5C-1D624A4BAD8A}.Debug|Any CPU.Build.0 = Debug|iPhone
		{927C7E16-9342-402A-AC5C-1D624A4BAD8A}.Debug|Any CPU.Deploy.0 = Debug|iPhone
		{927C7E16-9342-402A-AC5C-1D624A4BAD8A}.Debug|iPhone.ActiveCfg = Debug|iPhone
		{927C7E16-9342-402A-AC5C-1D624A4BAD8A}.Debug|iPhone.Build.0 = Debug|iPhone
		{927C7E16-9342-402A-AC5C-1D624A4BAD8A}.Debug|iPhone.Deploy.0 = Debug|iPhone
		{927C7E16-9342-402A-AC5C-1D624A4BAD8A}.Debug|iPhoneSimulator.ActiveCfg = Debug|iPhoneSimulator
		{927C7E16-9342-402A-AC5C-1D624A4BAD8A}.Debug|iPhoneSimulator.Build.0 = Debug|iPhoneSimulator
		{927C7E16-9342-402A-AC5C-1D624A4BAD8A}.Debug|iPhoneSimulator.Deploy.0 = Debug|iPhoneSimulator
		{927C7E16-9342-402A-AC5C-1D624A4BAD8A}.Release|Any CPU.ActiveCfg = Release|iPhoneSimulator
		{927C7E16-9342-402A-AC5C-1D624A4BAD8A}.Release|Any CPU.Build.0 = Release|iPhoneSimulator
		{927C7E16-9342-402A-AC5C-1D624A4BAD8A}.Release|Any CPU.Deploy.0 = Release|iPhoneSimulator
		{927C7E16-9342-402A-AC5C-1D624A4BAD8A}.Release|iPhone.ActiveCfg = Release|iPhone
		{927C7E16-9342-402A-AC5C-1D624A4BAD8A}.Release|iPhone.Build.0 = Release|iPhone
		{927C7E16-9342-402A-AC5C-1D624A4BAD8A}.Release|iPhone.Deploy.0 = Release|iPhone
		{927C7E16-9342-402A-AC5C-1D624A4BAD8A}.Release|iPhoneSimulator.ActiveCfg = Release|iPhoneSimulator
		{927C7E16-9342-402A-AC5C-1D624A4BAD8A}.Release|iPhoneSimulator.Build.0 = Release|iPhoneSimulator
		{927C7E16-9342-402A-AC5C-1D624A4BAD8A}.Release|iPhoneSimulator.Deploy.0 = Release|iPhoneSimulator
		{B9DCA4E7-D43E-4F65-AEC7-5B56F13993CF}.Debug|Any CPU.ActiveCfg = Debug|Any CPU
		{B9DCA4E7-D43E-4F65-AEC7-5B56F13993CF}.Debug|Any CPU.Build.0 = Debug|Any CPU
		{B9DCA4E7-D43E-4F65-AEC7-5B56F13993CF}.Debug|Any CPU.Deploy.0 = Debug|Any CPU
		{B9DCA4E7-D43E-4F65-AEC7-5B56F13993CF}.Debug|iPhone.ActiveCfg = Debug|Any CPU
		{B9DCA4E7-D43E-4F65-AEC7-5B56F13993CF}.Debug|iPhone.Build.0 = Debug|Any CPU
		{B9DCA4E7-D43E-4F65-AEC7-5B56F13993CF}.Debug|iPhone.Deploy.0 = Debug|Any CPU
		{B9DCA4E7-D43E-4F65-AEC7-5B56F13993CF}.Debug|iPhoneSimulator.ActiveCfg = Debug|Any CPU
		{B9DCA4E7-D43E-4F65-AEC7-5B56F13993CF}.Debug|iPhoneSimulator.Build.0 = Debug|Any CPU
		{B9DCA4E7-D43E-4F65-AEC7-5B56F13993CF}.Debug|iPhoneSimulator.Deploy.0 = Debug|Any CPU
		{B9DCA4E7-D43E-4F65-AEC7-5B56F13993CF}.Release|Any CPU.ActiveCfg = Release|Any CPU
		{B9DCA4E7-D43E-4F65-AEC7-5B56F13993CF}.Release|Any CPU.Build.0 = Release|Any CPU
		{B9DCA4E7-D43E-4F65-AEC7-5B56F13993CF}.Release|Any CPU.Deploy.0 = Release|Any CPU
		{B9DCA4E7-D43E-4F65-AEC7-5B56F13993CF}.Release|iPhone.ActiveCfg = Release|Any CPU
		{B9DCA4E7-D43E-4F65-AEC7-5B56F13993CF}.Release|iPhone.Build.0 = Release|Any CPU
		{B9DCA4E7-D43E-4F65-AEC7-5B56F13993CF}.Release|iPhone.Deploy.0 = Release|Any CPU
		{B9DCA4E7-D43E-4F65-AEC7-5B56F13993CF}.Release|iPhoneSimulator.ActiveCfg = Release|Any CPU
		{B9DCA4E7-D43E-4F65-AEC7-5B56F13993CF}.Release|iPhoneSimulator.Build.0 = Release|Any CPU
		{B9DCA4E7-D43E-4F65-AEC7-5B56F13993CF}.Release|iPhoneSimulator.Deploy.0 = Release|Any CPU
	EndGlobalSection
	GlobalSection(SolutionProperties) = preSolution
		HideSolutionNode = FALSE
	EndGlobalSection
	GlobalSection(ExtensibilityGlobals) = postSolution
		SolutionGuid = {84C4410E-75F6-403D-9BCE-96BFF60BC57A}
	EndGlobalSection
EndGlobal
